schema: '2.0'
stages:
  get_data:
    cmd: python scripts/data.py
    deps:
    - path: scripts/data.py
      hash: md5
      md5: 9a6e61b6e3b7425869a5b1819710add3
      size: 1493
    params:
      params.yaml:
        index_col: customer_id
    outs:
    - path: data/initial_data.csv
      hash: md5
      md5: d97416c1129395e52090109f6b299af3
      size: 822095
      cloud:
        my_storage:
          etag: d97416c1129395e52090109f6b299af3
          version_id: 0006271953A9DA45
  fit_model:
    cmd: python scripts/fit.py
    deps:
    - path: data/initial_data.csv
      hash: md5
      md5: d97416c1129395e52090109f6b299af3
      size: 822095
    - path: scripts/fit.py
      hash: md5
      md5: c3c2d8bfc62d64163750a5708b979de0
      size: 2019
    params:
      params.yaml:
        index_col: customer_id
        log_reg_c: 1
        log_reg_penalty: l2
        one_hot_drop: if_binary
        target_col: target
    outs:
    - path: models/fitted_model.pkl
      hash: md5
      md5: 3c1b0d6cb885e1537a50868ad7b60184
      size: 11390
      cloud:
        my_storage:
          etag: 3c1b0d6cb885e1537a50868ad7b60184
          version_id: 00062719FC7476BE
  evaluate_model:
    cmd: python scripts/evaluate.py
    deps:
    - path: models/fitted_model.pkl
      hash: md5
      md5: 3c1b0d6cb885e1537a50868ad7b60184
      size: 11390
    - path: scripts/evaluate.py
      hash: md5
      md5: 01fdd35a0c53fc1bcb9b771c4efdcc81
      size: 1313
    params:
      params.yaml:
        index_col: customer_id
        metrics:
        - f1
        - roc_auc
        n_jobs: -1
        n_splits: 5
        target_col: target
    outs:
    - path: cv_results/cv_res.json
      hash: md5
      md5: b186c2dea1a37db368f379e63fe83a15
      size: 321
      cloud:
        my_storage:
          etag: b186c2dea1a37db368f379e63fe83a15
          version_id: 00062719FC741951
